
Microsoft Visual Studio Solution File, Format Version 12.00
# Visual Studio Version 17
VisualStudioVersion = 17.4.33103.184
MinimumVisualStudioVersion = 10.0.40219.1
Project("{9A19103F-16F7-4668-BE54-9A1E7A4F7556}") = "EmployeeArrivalApp", "WebApplication1\EmployeeArrivalApp.csproj", "{9660A49B-7746-4158-B3BB-3FC42A25FC3C}"
EndProject
Project("{9A19103F-16F7-4668-BE54-9A1E7A4F7556}") = "EmployeeArrivalApp.DTOs", "EmployeeArrivalApp.DTOs\EmployeeArrivalApp.DTOs.csproj", "{9E1AE5AC-B0CA-4B37-95CB-5EB699D4F421}"
EndProject
Project("{9A19103F-16F7-4668-BE54-9A1E7A4F7556}") = "EmployeeArrivalApp.Data", "EmployeeArrivalApp.Data\EmployeeArrivalApp.Data.csproj", "{8508D560-DD17-4DCC-8B54-DF17F0A0CB4F}"
EndProject
Project("{FAE04EC0-301F-11D3-BF4B-00C04F79EFBC}") = "EmployeeArrivalApp.DataAccess", "EmployeeArrivalApp.DataAccess\EmployeeArrivalApp.DataAccess.csproj", "{48B1247E-9646-4662-AC0B-88FE7E348FF6}"
EndProject
Global
	GlobalSection(SolutionConfigurationPlatforms) = preSolution
		Debug|Any CPU = Debug|Any CPU
		Release|Any CPU = Release|Any CPU
	EndGlobalSection
	GlobalSection(ProjectConfigurationPlatforms) = postSolution
		{9660A49B-7746-4158-B3BB-3FC42A25FC3C}.Debug|Any CPU.ActiveCfg = Debug|Any CPU
		{9660A49B-7746-4158-B3BB-3FC42A25FC3C}.Debug|Any CPU.Build.0 = Debug|Any CPU
		{9660A49B-7746-4158-B3BB-3FC42A25FC3C}.Release|Any CPU.ActiveCfg = Release|Any CPU
		{9660A49B-7746-4158-B3BB-3FC42A25FC3C}.Release|Any CPU.Build.0 = Release|Any CPU
		{9E1AE5AC-B0CA-4B37-95CB-5EB699D4F421}.Debug|Any CPU.ActiveCfg = Debug|Any CPU
		{9E1AE5AC-B0CA-4B37-95CB-5EB699D4F421}.Debug|Any CPU.Build.0 = Debug|Any CPU
		{9E1AE5AC-B0CA-4B37-95CB-5EB699D4F421}.Release|Any CPU.ActiveCfg = Release|Any CPU
		{9E1AE5AC-B0CA-4B37-95CB-5EB699D4F421}.Release|Any CPU.Build.0 = Release|Any CPU
		{8508D560-DD17-4DCC-8B54-DF17F0A0CB4F}.Debug|Any CPU.ActiveCfg = Debug|Any CPU
		{8508D560-DD17-4DCC-8B54-DF17F0A0CB4F}.Debug|Any CPU.Build.0 = Debug|Any CPU
		{8508D560-DD17-4DCC-8B54-DF17F0A0CB4F}.Release|Any CPU.ActiveCfg = Release|Any CPU
		{8508D560-DD17-4DCC-8B54-DF17F0A0CB4F}.Release|Any CPU.Build.0 = Release|Any CPU
		{48B1247E-9646-4662-AC0B-88FE7E348FF6}.Debug|Any CPU.ActiveCfg = Debug|Any CPU
		{48B1247E-9646-4662-AC0B-88FE7E348FF6}.Debug|Any CPU.Build.0 = Debug|Any CPU
		{48B1247E-9646-4662-AC0B-88FE7E348FF6}.Release|Any CPU.ActiveCfg = Release|Any CPU
		{48B1247E-9646-4662-AC0B-88FE7E348FF6}.Release|Any CPU.Build.0 = Release|Any CPU
	EndGlobalSection
	GlobalSection(SolutionProperties) = preSolution
		HideSolutionNode = FALSE
	EndGlobalSection
	GlobalSection(ExtensibilityGlobals) = postSolution
		SolutionGuid = {E2D3418A-8C5A-4AD9-9CA2-6B9D9D5248A7}
	EndGlobalSection
EndGlobal
